
Microsoft Visual Studio Solution File, Format Version 12.00
# Visual Studio Version 17
VisualStudioVersion = 17.14.36310.24
MinimumVisualStudioVersion = 10.0.40219.1
Project("{FAE04EC0-301F-11D3-BF4B-00C04F79EFBC}") = "DemoProject", "DemoProject\DemoProject.csproj", "{D25446B8-7A6F-4797-870D-AFF6C509D43E}"
EndProject
Project("{FAE04EC0-301F-11D3-BF4B-00C04F79EFBC}") = "BlazorAppMetInteractiviteit.Client", "BlazorAppMetInteractiviteit\BlazorAppMetInteractiviteit.Client\BlazorAppMetInteractiviteit.Client.csproj", "{00393D81-2536-4DA5-A21E-4BBAC832A4B0}"
EndProject
Project("{FAE04EC0-301F-11D3-BF4B-00C04F79EFBC}") = "BlazorAppWebAssOnly", "BlazorAppWebAssOnly\BlazorAppWebAssOnly.csproj", "{06236D0B-E365-404B-B447-4246879132EE}"
EndProject
Project("{FAE04EC0-301F-11D3-BF4B-00C04F79EFBC}") = "Demo.Shared", "Demo.Shared\Demo.Shared.csproj", "{69EC89B0-49D4-4EBF-87DF-80FD39658054}"
EndProject
Project("{FAE04EC0-301F-11D3-BF4B-00C04F79EFBC}") = "DemoDuende", "DemoDuende\DemoDuende\DemoDuende.csproj", "{5F0530F0-3564-41E2-810E-0C584C14EAEF}"
EndProject
Project("{FAE04EC0-301F-11D3-BF4B-00C04F79EFBC}") = "DemoDuende.Client", "DemoDuende\DemoDuende.Client\DemoDuende.Client.csproj", "{012BD911-32BF-4D7A-85EF-CB2F27C2EE33}"
EndProject
Project("{FAE04EC0-301F-11D3-BF4B-00C04F79EFBC}") = "IdentityServert", "IdentityServert\IdentityServert.csproj", "{5B33FB2D-8189-4C38-ADF6-83E645D75C5E}"
EndProject
Project("{FAE04EC0-301F-11D3-BF4B-00C04F79EFBC}") = "DemoApi", "DemoApi\DemoApi.csproj", "{761D45F4-C8E3-4DB3-90C7-21908AB1D9EF}"
EndProject
Project("{FAE04EC0-301F-11D3-BF4B-00C04F79EFBC}") = "DemoProject.Tests", "DemoProject.Tests\DemoProject.Tests.csproj", "{3141905E-3789-4760-B762-0001AF9C0AD4}"
EndProject
Global
	GlobalSection(SolutionConfigurationPlatforms) = preSolution
		Debug|Any CPU = Debug|Any CPU
		Release|Any CPU = Release|Any CPU
	EndGlobalSection
	GlobalSection(ProjectConfigurationPlatforms) = postSolution
		{D25446B8-7A6F-4797-870D-AFF6C509D43E}.Debug|Any CPU.ActiveCfg = Debug|Any CPU
		{D25446B8-7A6F-4797-870D-AFF6C509D43E}.Debug|Any CPU.Build.0 = Debug|Any CPU
		{D25446B8-7A6F-4797-870D-AFF6C509D43E}.Release|Any CPU.ActiveCfg = Release|Any CPU
		{D25446B8-7A6F-4797-870D-AFF6C509D43E}.Release|Any CPU.Build.0 = Release|Any CPU
		{00393D81-2536-4DA5-A21E-4BBAC832A4B0}.Debug|Any CPU.ActiveCfg = Debug|Any CPU
		{00393D81-2536-4DA5-A21E-4BBAC832A4B0}.Debug|Any CPU.Build.0 = Debug|Any CPU
		{00393D81-2536-4DA5-A21E-4BBAC832A4B0}.Release|Any CPU.ActiveCfg = Release|Any CPU
		{00393D81-2536-4DA5-A21E-4BBAC832A4B0}.Release|Any CPU.Build.0 = Release|Any CPU
		{06236D0B-E365-404B-B447-4246879132EE}.Debug|Any CPU.ActiveCfg = Debug|Any CPU
		{06236D0B-E365-404B-B447-4246879132EE}.Debug|Any CPU.Build.0 = Debug|Any CPU
		{06236D0B-E365-404B-B447-4246879132EE}.Release|Any CPU.ActiveCfg = Release|Any CPU
		{06236D0B-E365-404B-B447-4246879132EE}.Release|Any CPU.Build.0 = Release|Any CPU
		{69EC89B0-49D4-4EBF-87DF-80FD39658054}.Debug|Any CPU.ActiveCfg = Debug|Any CPU
		{69EC89B0-49D4-4EBF-87DF-80FD39658054}.Debug|Any CPU.Build.0 = Debug|Any CPU
		{69EC89B0-49D4-4EBF-87DF-80FD39658054}.Release|Any CPU.ActiveCfg = Release|Any CPU
		{69EC89B0-49D4-4EBF-87DF-80FD39658054}.Release|Any CPU.Build.0 = Release|Any CPU
		{5F0530F0-3564-41E2-810E-0C584C14EAEF}.Debug|Any CPU.ActiveCfg = Debug|Any CPU
		{5F0530F0-3564-41E2-810E-0C584C14EAEF}.Debug|Any CPU.Build.0 = Debug|Any CPU
		{5F0530F0-3564-41E2-810E-0C584C14EAEF}.Release|Any CPU.ActiveCfg = Release|Any CPU
		{5F0530F0-3564-41E2-810E-0C584C14EAEF}.Release|Any CPU.Build.0 = Release|Any CPU
		{012BD911-32BF-4D7A-85EF-CB2F27C2EE33}.Debug|Any CPU.ActiveCfg = Debug|Any CPU
		{012BD911-32BF-4D7A-85EF-CB2F27C2EE33}.Debug|Any CPU.Build.0 = Debug|Any CPU
		{012BD911-32BF-4D7A-85EF-CB2F27C2EE33}.Release|Any CPU.ActiveCfg = Release|Any CPU
		{012BD911-32BF-4D7A-85EF-CB2F27C2EE33}.Release|Any CPU.Build.0 = Release|Any CPU
		{5B33FB2D-8189-4C38-ADF6-83E645D75C5E}.Debug|Any CPU.ActiveCfg = Debug|Any CPU
		{5B33FB2D-8189-4C38-ADF6-83E645D75C5E}.Debug|Any CPU.Build.0 = Debug|Any CPU
		{5B33FB2D-8189-4C38-ADF6-83E645D75C5E}.Release|Any CPU.ActiveCfg = Release|Any CPU
		{5B33FB2D-8189-4C38-ADF6-83E645D75C5E}.Release|Any CPU.Build.0 = Release|Any CPU
		{761D45F4-C8E3-4DB3-90C7-21908AB1D9EF}.Debug|Any CPU.ActiveCfg = Debug|Any CPU
		{761D45F4-C8E3-4DB3-90C7-21908AB1D9EF}.Debug|Any CPU.Build.0 = Debug|Any CPU
		{761D45F4-C8E3-4DB3-90C7-21908AB1D9EF}.Release|Any CPU.ActiveCfg = Release|Any CPU
		{761D45F4-C8E3-4DB3-90C7-21908AB1D9EF}.Release|Any CPU.Build.0 = Release|Any CPU
		{3141905E-3789-4760-B762-0001AF9C0AD4}.Debug|Any CPU.ActiveCfg = Debug|Any CPU
		{3141905E-3789-4760-B762-0001AF9C0AD4}.Debug|Any CPU.Build.0 = Debug|Any CPU
		{3141905E-3789-4760-B762-0001AF9C0AD4}.Release|Any CPU.ActiveCfg = Release|Any CPU
		{3141905E-3789-4760-B762-0001AF9C0AD4}.Release|Any CPU.Build.0 = Release|Any CPU
	EndGlobalSection
	GlobalSection(SolutionProperties) = preSolution
		HideSolutionNode = FALSE
	EndGlobalSection
	GlobalSection(ExtensibilityGlobals) = postSolution
		SolutionGuid = {920B3323-1F85-407C-8E2F-25487B0F77D0}
	EndGlobalSection
EndGlobal
